
Microsoft Visual Studio Solution File, Format Version 12.00
# Visual Studio Version 16
VisualStudioVersion = 16.0.34301.259
MinimumVisualStudioVersion = 10.0.40219.1
Project("{2150E333-8FDC-42A3-9474-1A3956D46DE8}") = "Solution Items", "Solution Items", "{9C3341E2-33F9-4B6C-B391-2AACC1D4E9D2}"
	ProjectSection(SolutionItems) = preProject
		.editorconfig = .editorconfig
	EndProjectSection
EndProject
Project("{8BC9CEB8-8B4A-11D0-8D11-00A0C91BC942}") = "Engine", "Engine\Engine.vcxproj", "{1CBE4F0C-69EB-4954-B462-0AAD9A279458}"
EndProject
Project("{8BC9CEB8-8B4A-11D0-8D11-00A0C91BC942}") = "Nest", "Nest\Nest.vcxproj", "{B1341929-92FD-4760-9618-FB60A27EF087}"
EndProject
Project("{8BC9CEB8-8B4A-11D0-8D11-00A0C91BC942}") = "NestUI", "NestUI\NestUI.vcxproj", "{85D21928-BC1B-4A48-9943-69EBB2DF4506}"
EndProject
Project("{8BC9CEB8-8B4A-11D0-8D11-00A0C91BC942}") = "SandBox", "SandBox\SandBox.vcxproj", "{F94A64AD-4495-4A99-9409-6DB9F2ACAB29}"
EndProject
Global
	GlobalSection(SolutionConfigurationPlatforms) = preSolution
		Debug|x64 = Debug|x64
		Release|x64 = Release|x64
	EndGlobalSection
	GlobalSection(ProjectConfigurationPlatforms) = postSolution
		{1CBE4F0C-69EB-4954-B462-0AAD9A279458}.Debug|x64.ActiveCfg = Debug|x64
		{1CBE4F0C-69EB-4954-B462-0AAD9A279458}.Debug|x64.Build.0 = Debug|x64
		{1CBE4F0C-69EB-4954-B462-0AAD9A279458}.Release|x64.ActiveCfg = Release|x64
		{1CBE4F0C-69EB-4954-B462-0AAD9A279458}.Release|x64.Build.0 = Release|x64
		{B1341929-92FD-4760-9618-FB60A27EF087}.Debug|x64.ActiveCfg = Debug|x64
		{B1341929-92FD-4760-9618-FB60A27EF087}.Debug|x64.Build.0 = Debug|x64
		{B1341929-92FD-4760-9618-FB60A27EF087}.Release|x64.ActiveCfg = Release|x64
		{B1341929-92FD-4760-9618-FB60A27EF087}.Release|x64.Build.0 = Release|x64
		{85D21928-BC1B-4A48-9943-69EBB2DF4506}.Debug|x64.ActiveCfg = Debug|x64
		{85D21928-BC1B-4A48-9943-69EBB2DF4506}.Debug|x64.Build.0 = Debug|x64
		{85D21928-BC1B-4A48-9943-69EBB2DF4506}.Release|x64.ActiveCfg = Release|x64
		{85D21928-BC1B-4A48-9943-69EBB2DF4506}.Release|x64.Build.0 = Release|x64
		{F94A64AD-4495-4A99-9409-6DB9F2ACAB29}.Debug|x64.ActiveCfg = Debug|x64
		{F94A64AD-4495-4A99-9409-6DB9F2ACAB29}.Debug|x64.Build.0 = Debug|x64
		{F94A64AD-4495-4A99-9409-6DB9F2ACAB29}.Release|x64.ActiveCfg = Release|x64
		{F94A64AD-4495-4A99-9409-6DB9F2ACAB29}.Release|x64.Build.0 = Release|x64
	EndGlobalSection
	GlobalSection(SolutionProperties) = preSolution
		HideSolutionNode = FALSE
	EndGlobalSection
	GlobalSection(ExtensibilityGlobals) = postSolution
		SolutionGuid = {D0CCED9D-CAD0-45BB-8C5A-F289DD4558B3}
	EndGlobalSection
EndGlobal
